// !$*UTF8*$!
{
	archiveVersion = 1;
	classes = {
	};
	objectVersion = 56;
	objects = {

/* Begin PBXBuildFile section */
		832D115229B8C6F10025978C /* AppDelegate.swift in Sources */ = {isa = PBXBuildFile; fileRef = 832D115129B8C6F10025978C /* AppDelegate.swift */; };
		832D115429B8C6F10025978C /* SceneDelegate.swift in Sources */ = {isa = PBXBuildFile; fileRef = 832D115329B8C6F10025978C /* SceneDelegate.swift */; };
		832D115629B8C6F10025978C /* ViewController.swift in Sources */ = {isa = PBXBuildFile; fileRef = 832D115529B8C6F10025978C /* ViewController.swift */; };
		832D115929B8C6F10025978C /* Main.storyboard in Resources */ = {isa = PBXBuildFile; fileRef = 832D115729B8C6F10025978C /* Main.storyboard */; };
		832D115C29B8C6F10025978C /* mapsAppExample.xcdatamodeld in Sources */ = {isa = PBXBuildFile; fileRef = 832D115A29B8C6F10025978C /* mapsAppExample.xcdatamodeld */; };
		832D115E29B8C6F20025978C /* Assets.xcassets in Resources */ = {isa = PBXBuildFile; fileRef = 832D115D29B8C6F20025978C /* Assets.xcassets */; };
		832D116129B8C6F20025978C /* LaunchScreen.storyboard in Resources */ = {isa = PBXBuildFile; fileRef = 832D115F29B8C6F20025978C /* LaunchScreen.storyboard */; };
		833E1A5B29BB4CA500269EA9 /* annotation_model.swift in Sources */ = {isa = PBXBuildFile; fileRef = 833E1A5A29BB4CA500269EA9 /* annotation_model.swift */; };
/* End PBXBuildFile section */

/* Begin PBXFileReference section */
		832D114E29B8C6F10025978C /* mapsAppExample.app */ = {isa = PBXFileReference; explicitFileType = wrapper.application; includeInIndex = 0; path = mapsAppExample.app; sourceTree = BUILT_PRODUCTS_DIR; };
		832D115129B8C6F10025978C /* AppDelegate.swift */ = {isa = PBXFileReference; lastKnownFileType = sourcecode.swift; path = AppDelegate.swift; sourceTree = "<group>"; };
		832D115329B8C6F10025978C /* SceneDelegate.swift */ = {isa = PBXFileReference; lastKnownFileType = sourcecode.swift; path = SceneDelegate.swift; sourceTree = "<group>"; };
		832D115529B8C6F10025978C /* ViewController.swift */ = {isa = PBXFileReference; lastKnownFileType = sourcecode.swift; path = ViewController.swift; sourceTree = "<group>"; };
		832D115829B8C6F10025978C /* Base */ = {isa = PBXFileReference; lastKnownFileType = file.storyboard; name = Base; path = Base.lproj/Main.storyboard; sourceTree = "<group>"; };
		832D115B29B8C6F10025978C /* mapsAppExample.xcdatamodel */ = {isa = PBXFileReference; lastKnownFileType = wrapper.xcdatamodel; path = mapsAppExample.xcdatamodel; sourceTree = "<group>"; };
		832D115D29B8C6F20025978C /* Assets.xcassets */ = {isa = PBXFileReference; lastKnownFileType = folder.assetcatalog; path = Assets.xcassets; sourceTree = "<group>"; };
		832D116029B8C6F20025978C /* Base */ = {isa = PBXFileReference; lastKnownFileType = file.storyboard; name = Base; path = Base.lproj/LaunchScreen.storyboard; sourceTree = "<group>"; };
		832D116229B8C6F20025978C /* Info.plist */ = {isa = PBXFileReference; lastKnownFileType = text.plist.xml; path = Info.plist; sourceTree = "<group>"; };
		833E1A5A29BB4CA500269EA9 /* annotation_model.swift */ = {isa = PBXFileReference; lastKnownFileType = sourcecode.swift; path = annotation_model.swift; sourceTree = "<group>"; };
/* End PBXFileReference section */

/* Begin PBXFrameworksBuildPhase section */
		832D114B29B8C6F10025978C /* Frameworks */ = {
			isa = PBXFrameworksBuildPhase;
			buildActionMask = 2147483647;
			files = (
			);
			runOnlyForDeploymentPostprocessing = 0;
		};
/* End PBXFrameworksBuildPhase section */

/* Begin PBXGroup section */
		832D114529B8C6F10025978C = {
			isa = PBXGroup;
			children = (
				832D115029B8C6F10025978C /* mapsAppExample */,
				832D114F29B8C6F10025978C /* Products */,
			);
			sourceTree = "<group>";
		};
		832D114F29B8C6F10025978C /* Products */ = {
			isa = PBXGroup;
			children = (
				832D114E29B8C6F10025978C /* mapsAppExample.app */,
			);
			name = Products;
			sourceTree = "<group>";
		};
		832D115029B8C6F10025978C /* mapsAppExample */ = {
			isa = PBXGroup;
			children = (
				832D115329B8C6F10025978C /* SceneDelegate.swift */,
				832D115129B8C6F10025978C /* AppDelegate.swift */,
				832D115529B8C6F10025978C /* ViewController.swift */,
				833E1A5A29BB4CA500269EA9 /* annotation_model.swift */,
				832D115729B8C6F10025978C /* Main.storyboard */,
				832D115D29B8C6F20025978C /* Assets.xcassets */,
				832D115F29B8C6F20025978C /* LaunchScreen.storyboard */,
				832D116229B8C6F20025978C /* Info.plist */,
				832D115A29B8C6F10025978C /* mapsAppExample.xcdatamodeld */,
			);
			path = mapsAppExample;
			sourceTree = "<group>";
		};
/* End PBXGroup section */

/* Begin PBXNativeTarget section */
		832D114D29B8C6F10025978C /* mapsAppExample */ = {
			isa = PBXNativeTarget;
			buildConfigurationList = 832D116529B8C6F20025978C /* Build configuration list for PBXNativeTarget "mapsAppExample" */;
			buildPhases = (
				832D114A29B8C6F10025978C /* Sources */,
				832D114B29B8C6F10025978C /* Frameworks */,
				832D114C29B8C6F10025978C /* Resources */,
			);
			buildRules = (
			);
			dependencies = (
			);
			name = mapsAppExample;
			productName = mapsAppExample;
			productReference = 832D114E29B8C6F10025978C /* mapsAppExample.app */;
			productType = "com.apple.product-type.application";
		};
/* End PBXNativeTarget section */

/* Begin PBXProject section */
		832D114629B8C6F10025978C /* Project object */ = {
			isa = PBXProject;
			attributes = {
				BuildIndependentTargetsInParallel = 1;
				LastSwiftUpdateCheck = 1420;
				LastUpgradeCheck = 1420;
				TargetAttributes = {
					832D114D29B8C6F10025978C = {
						CreatedOnToolsVersion = 14.2;
					};
				};
			};
			buildConfigurationList = 832D114929B8C6F10025978C /* Build configuration list for PBXProject "mapsAppExample" */;
			compatibilityVersion = "Xcode 14.0";
			developmentRegion = en;
			hasScannedForEncodings = 0;
			knownRegions = (
				en,
				Base,
			);
			mainGroup = 832D114529B8C6F10025978C;
			productRefGroup = 832D114F29B8C6F10025978C /* Products */;
			projectDirPath = "";
			projectRoot = "";
			targets = (
				832D114D29B8C6F10025978C /* mapsAppExample */,
			);
		};
/* End PBXProject section */

/* Begin PBXResourcesBuildPhase section */
		832D114C29B8C6F10025978C /* Resources */ = {
			isa = PBXResourcesBuildPhase;
			buildActionMask = 2147483647;
			files = (
				832D116129B8C6F20025978C /* LaunchScreen.storyboard in Resources */,
				832D115E29B8C6F20025978C /* Assets.xcassets in Resources */,
				832D115929B8C6F10025978C /* Main.storyboard in Resources */,
			);
			runOnlyForDeploymentPostprocessing = 0;
		};
/* End PBXResourcesBuildPhase section */

/* Begin PBXSourcesBuildPhase section */
		832D114A29B8C6F10025978C /* Sources */ = {
			isa = PBXSourcesBuildPhase;
			buildActionMask = 2147483647;
			files = (
				832D115629B8C6F10025978C /* ViewController.swift in Sources */,
				832D115C29B8C6F10025978C /* mapsAppExample.xcdatamodeld in Sources */,
				833E1A5B29BB4CA500269EA9 /* annotation_model.swift in Sources */,
				832D115229B8C6F10025978C /* AppDelegate.swift in Sources */,
				832D115429B8C6F10025978C /* SceneDelegate.swift in Sources */,
			);
			runOnlyForDeploymentPostprocessing = 0;
		};
/* End PBXSourcesBuildPhase section */

/* Begin PBXVariantGroup section */
		832D115729B8C6F10025978C /* Main.storyboard */ = {
			isa = PBXVariantGroup;
			children = (
				832D115829B8C6F10025978C /* Base */,
			);
			name = Main.storyboard;
			sourceTree = "<group>";
		};
		832D115F29B8C6F20025978C /* LaunchScreen.storyboard */ = {
			isa = PBXVariantGroup;
			children = (
				832D116029B8C6F20025978C /* Base */,
			);
			name = LaunchScreen.storyboard;
			sourceTree = "<group>";
		};
/* End PBXVariantGroup section */

/* Begin XCBuildConfiguration section */
		832D116329B8C6F20025978C /* Debug */ = {
			isa = XCBuildConfiguration;
			buildSettings = {
				ALWAYS_SEARCH_USER_PATHS = NO;
				CLANG_ANALYZER_NONNULL = YES;
				CLANG_ANALYZER_NUMBER_OBJECT_CONVERSION = YES_AGGRESSIVE;
				CLANG_CXX_LANGUAGE_STANDARD = "gnu++20";
				CLANG_ENABLE_MODULES = YES;
				CLANG_ENABLE_OBJC_ARC = YES;
				CLANG_ENABLE_OBJC_WEAK = YES;
				CLANG_WARN_BLOCK_CAPTURE_AUTORELEASING = YES;
				CLANG_WARN_BOOL_CONVERSION = YES;
				CLANG_WARN_COMMA = YES;
				CLANG_WARN_CONSTANT_CONVERSION = YES;
				CLANG_WARN_DEPRECATED_OBJC_IMPLEMENTATIONS = YES;
				CLANG_WARN_DIRECT_OBJC_ISA_USAGE = YES_ERROR;
				CLANG_WARN_DOCUMENTATION_COMMENTS = YES;
				CLANG_WARN_EMPTY_BODY = YES;
				CLANG_WARN_ENUM_CONVERSION = YES;
				CLANG_WARN_INFINITE_RECURSION = YES;
				CLANG_WARN_INT_CONVERSION = YES;
				CLANG_WARN_NON_LITERAL_NULL_CONVERSION = YES;
				CLANG_WARN_OBJC_IMPLICIT_RETAIN_SELF = YES;
				CLANG_WARN_OBJC_LITERAL_CONVERSION = YES;
				CLANG_WARN_OBJC_ROOT_CLASS = YES_ERROR;
				CLANG_WARN_QUOTED_INCLUDE_IN_FRAMEWORK_HEADER = YES;
				CLANG_WARN_RANGE_LOOP_ANALYSIS = YES;
				CLANG_WARN_STRICT_PROTOTYPES = YES;
				CLANG_WARN_SUSPICIOUS_MOVE = YES;
				CLANG_WARN_UNGUARDED_AVAILABILITY = YES_AGGRESSIVE;
				CLANG_WARN_UNREACHABLE_CODE = YES;
				CLANG_WARN__DUPLICATE_METHOD_MATCH = YES;
				COPY_PHASE_STRIP = NO;
				DEBUG_INFORMATION_FORMAT = dwarf;
				ENABLE_STRICT_OBJC_MSGSEND = YES;
				ENABLE_TESTABILITY = YES;
				GCC_C_LANGUAGE_STANDARD = gnu11;
				GCC_DYNAMIC_NO_PIC = NO;
				GCC_NO_COMMON_BLOCKS = YES;
				GCC_OPTIMIZATION_LEVEL = 0;
				GCC_PREPROCESSOR_DEFINITIONS = (
					"DEBUG=1",
					"$(inherited)",
				);
				GCC_WARN_64_TO_32_BIT_CONVERSION = YES;
				GCC_WARN_ABOUT_RETURN_TYPE = YES_ERROR;
				GCC_WARN_UNDECLARED_SELECTOR = YES;
				GCC_WARN_UNINITIALIZED_AUTOS = YES_AGGRESSIVE;
				GCC_WARN_UNUSED_FUNCTION = YES;
				GCC_WARN_UNUSED_VARIABLE = YES;
				IPHONEOS_DEPLOYMENT_TARGET = 16.2;
				MTL_ENABLE_DEBUG_INFO = INCLUDE_SOURCE;
				MTL_FAST_MATH = YES;
				ONLY_ACTIVE_ARCH = YES;
				SDKROOT = iphoneos;
				SWIFT_ACTIVE_COMPILATION_CONDITIONS = DEBUG;
				SWIFT_OPTIMIZATION_LEVEL = "-Onone";
			};
			name = Debug;
		};
		832D116429B8C6F20025978C /* Release */ = {
			isa = XCBuildConfiguration;
			buildSettings = {
				ALWAYS_SEARCH_USER_PATHS = NO;
				CLANG_ANALYZER_NONNULL = YES;
				CLANG_ANALYZER_NUMBER_OBJECT_CONVERSION = YES_AGGRESSIVE;
				CLANG_CXX_LANGUAGE_STANDARD = "gnu++20";
				CLANG_ENABLE_MODULES = YES;
				CLANG_ENABLE_OBJC_ARC = YES;
				CLANG_ENABLE_OBJC_WEAK = YES;
				CLANG_WARN_BLOCK_CAPTURE_AUTORELEASING = YES;
				CLANG_WARN_BOOL_CONVERSION = YES;
				CLANG_WARN_COMMA = YES;
				CLANG_WARN_CONSTANT_CONVERSION = YES;
				CLANG_WARN_DEPRECATED_OBJC_IMPLEMENTATIONS = YES;
				CLANG_WARN_DIRECT_OBJC_ISA_USAGE = YES_ERROR;
				CLANG_WARN_DOCUMENTATION_COMMENTS = YES;
				CLANG_WARN_EMPTY_BODY = YES;
				CLANG_WARN_ENUM_CONVERSION = YES;
				CLANG_WARN_INFINITE_RECURSION = YES;
				CLANG_WARN_INT_CONVERSION = YES;
				CLANG_WARN_NON_LITERAL_NULL_CONVERSION = YES;
				CLANG_WARN_OBJC_IMPLICIT_RETAIN_SELF = YES;
				CLANG_WARN_OBJC_LITERAL_CONVERSION = YES;
				CLANG_WARN_OBJC_ROOT_CLASS = YES_ERROR;
				CLANG_WARN_QUOTED_INCLUDE_IN_FRAMEWORK_HEADER = YES;
				CLANG_WARN_RANGE_LOOP_ANALYSIS = YES;
				CLANG_WARN_STRICT_PROTOTYPES = YES;
				CLANG_WARN_SUSPICIOUS_MOVE = YES;
				CLANG_WARN_UNGUARDED_AVAILABILITY = YES_AGGRESSIVE;
				CLANG_WARN_UNREACHABLE_CODE = YES;
				CLANG_WARN__DUPLICATE_METHOD_MATCH = YES;
				COPY_PHASE_STRIP = NO;
				DEBUG_INFORMATION_FORMAT = "dwarf-with-dsym";
				ENABLE_NS_ASSERTIONS = NO;
				ENABLE_STRICT_OBJC_MSGSEND = YES;
				GCC_C_LANGUAGE_STANDARD = gnu11;
				GCC_NO_COMMON_BLOCKS = YES;
				GCC_WARN_64_TO_32_BIT_CONVERSION = YES;
				GCC_WARN_ABOUT_RETURN_TYPE = YES_ERROR;
				GCC_WARN_UNDECLARED_SELECTOR = YES;
				GCC_WARN_UNINITIALIZED_AUTOS = YES_AGGRESSIVE;
				GCC_WARN_UNUSED_FUNCTION = YES;
				GCC_WARN_UNUSED_VARIABLE = YES;
				IPHONEOS_DEPLOYMENT_TARGET = 16.2;
				MTL_ENABLE_DEBUG_INFO = NO;
				MTL_FAST_MATH = YES;
				SDKROOT = iphoneos;
				SWIFT_COMPILATION_MODE = wholemodule;
				SWIFT_OPTIMIZATION_LEVEL = "-O";
				VALIDATE_PRODUCT = YES;
			};
			name = Release;
		};
		832D116629B8C6F20025978C /* Debug */ = {
			isa = XCBuildConfiguration;
			buildSettings = {
				ASSETCATALOG_COMPILER_APPICON_NAME = AppIcon;
				ASSETCATALOG_COMPILER_GLOBAL_ACCENT_COLOR_NAME = AccentColor;
				CODE_SIGN_STYLE = Automatic;
				CURRENT_PROJECT_VERSION = 1;
				DEVELOPMENT_TEAM = FP7J7TR2W6;
				GENERATE_INFOPLIST_FILE = YES;
				INFOPLIST_FILE = mapsAppExample/Info.plist;
				INFOPLIST_KEY_UIApplicationSupportsIndirectInputEvents = YES;
				INFOPLIST_KEY_UILaunchStoryboardName = LaunchScreen;
				INFOPLIST_KEY_UIMainStoryboardFile = Main;
				INFOPLIST_KEY_UISupportedInterfaceOrientations_iPad = "UIInterfaceOrientationPortrait UIInterfaceOrientationPortraitUpsideDown UIInterfaceOrientationLandscapeLeft UIInterfaceOrientationLandscapeRight";
				INFOPLIST_KEY_UISupportedInterfaceOrientations_iPhone = "UIInterfaceOrientationPortrait UIInterfaceOrientationLandscapeLeft UIInterfaceOrientationLandscapeRight";
				LD_RUNPATH_SEARCH_PATHS = (
					"$(inherited)",
					"@executable_path/Frameworks",
				);
				MARKETING_VERSION = 1.0;
				PRODUCT_BUNDLE_IDENTIFIER = com.kadir.mapsAppExample;
				PRODUCT_NAME = "$(TARGET_NAME)";
				SWIFT_EMIT_LOC_STRINGS = YES;
				SWIFT_VERSION = 5.0;
				TARGETED_DEVICE_FAMILY = "1,2";
			};
			name = Debug;
		};
		832D116729B8C6F20025978C /* Release */ = {
			isa = XCBuildConfiguration;
			buildSettings = {
				ASSETCATALOG_COMPILER_APPICON_NAME = AppIcon;
				ASSETCATALOG_COMPILER_GLOBAL_ACCENT_COLOR_NAME = AccentColor;
				CODE_SIGN_STYLE = Automatic;
				CURRENT_PROJECT_VERSION = 1;
				DEVELOPMENT_TEAM = FP7J7TR2W6;
				GENERATE_INFOPLIST_FILE = YES;
				INFOPLIST_FILE = mapsAppExample/Info.plist;
				INFOPLIST_KEY_UIApplicationSupportsIndirectInputEvents = YES;
				INFOPLIST_KEY_UILaunchStoryboardName = LaunchScreen;
				INFOPLIST_KEY_UIMainStoryboardFile = Main;
				INFOPLIST_KEY_UISupportedInterfaceOrientations_iPad = "UIInterfaceOrientationPortrait UIInterfaceOrientationPortraitUpsideDown UIInterfaceOrientationLandscapeLeft UIInterfaceOrientationLandscapeRight";
				INFOPLIST_KEY_UISupportedInterfaceOrientations_iPhone = "UIInterfaceOrientationPortrait UIInterfaceOrientationLandscapeLeft UIInterfaceOrientationLandscapeRight";
				LD_RUNPATH_SEARCH_PATHS = (
					"$(inherited)",
					"@executable_path/Frameworks",
				);
				MARKETING_VERSION = 1.0;
				PRODUCT_BUNDLE_IDENTIFIER = com.kadir.mapsAppExample;
				PRODUCT_NAME = "$(TARGET_NAME)";
				SWIFT_EMIT_LOC_STRINGS = YES;
				SWIFT_VERSION = 5.0;
				TARGETED_DEVICE_FAMILY = "1,2";
			};
			name = Release;
		};
/* End XCBuildConfiguration section */

/* Begin XCConfigurationList section */
		832D114929B8C6F10025978C /* Build configuration list for PBXProject "mapsAppExample" */ = {
			isa = XCConfigurationList;
			buildConfigurations = (
				832D116329B8C6F20025978C /* Debug */,
				832D116429B8C6F20025978C /* Release */,
			);
			defaultConfigurationIsVisible = 0;
			defaultConfigurationName = Release;
		};
		832D116529B8C6F20025978C /* Build configuration list for PBXNativeTarget "mapsAppExample" */ = {
			isa = XCConfigurationList;
			buildConfigurations = (
				832D116629B8C6F20025978C /* Debug */,
				832D116729B8C6F20025978C /* Release */,
			);
			defaultConfigurationIsVisible = 0;
			defaultConfigurationName = Release;
		};
/* End XCConfigurationList section */

/* Begin XCVersionGroup section */
		832D115A29B8C6F10025978C /* mapsAppExample.xcdatamodeld */ = {
			isa = XCVersionGroup;
			children = (
				832D115B29B8C6F10025978C /* mapsAppExample.xcdatamodel */,
			);
			currentVersion = 832D115B29B8C6F10025978C /* mapsAppExample.xcdatamodel */;
			path = mapsAppExample.xcdatamodeld;
			sourceTree = "<group>";
			versionGroupType = wrapper.xcdatamodel;
		};
/* End XCVersionGroup section */
	};
	rootObject = 832D114629B8C6F10025978C /* Project object */;
}
